// !$*UTF8*$!
{
	archiveVersion = 1;
	classes = {
	};
	objectVersion = 46;
	objects = {

/* Begin PBXBuildFile section */
		DF7B0026188FEBA800585D8B /* ZQDetailViewController.m in Sources */ = {isa = PBXBuildFile; fileRef = DF7B0025188FEBA800585D8B /* ZQDetailViewController.m */; };
		DF7B002C188FFD4300585D8B /* ZQTableViewController.m in Sources */ = {isa = PBXBuildFile; fileRef = DF7B002B188FFD4300585D8B /* ZQTableViewController.m */; };
		DFA499E21893EFE400776AAB /* Toast+UIView.m in Sources */ = {isa = PBXBuildFile; fileRef = DFA499E11893EFE400776AAB /* Toast+UIView.m */; };
		DFA5DDB11890BB9A002CCF9A /* AFHTTPRequestOperation.m in Sources */ = {isa = PBXBuildFile; fileRef = DFA5DD9F1890BB9A002CCF9A /* AFHTTPRequestOperation.m */; };
		DFA5DDB21890BB9A002CCF9A /* AFHTTPRequestOperationManager.m in Sources */ = {isa = PBXBuildFile; fileRef = DFA5DDA11890BB9A002CCF9A /* AFHTTPRequestOperationManager.m */; };
		DFA5DDB31890BB9A002CCF9A /* AFHTTPSessionManager.m in Sources */ = {isa = PBXBuildFile; fileRef = DFA5DDA31890BB9A002CCF9A /* AFHTTPSessionManager.m */; };
		DFA5DDB41890BB9A002CCF9A /* AFNetworkReachabilityManager.m in Sources */ = {isa = PBXBuildFile; fileRef = DFA5DDA61890BB9A002CCF9A /* AFNetworkReachabilityManager.m */; };
		DFA5DDB51890BB9A002CCF9A /* AFSecurityPolicy.m in Sources */ = {isa = PBXBuildFile; fileRef = DFA5DDA81890BB9A002CCF9A /* AFSecurityPolicy.m */; };
		DFA5DDB61890BB9A002CCF9A /* AFURLConnectionOperation.m in Sources */ = {isa = PBXBuildFile; fileRef = DFA5DDAA1890BB9A002CCF9A /* AFURLConnectionOperation.m */; };
		DFA5DDB71890BB9A002CCF9A /* AFURLRequestSerialization.m in Sources */ = {isa = PBXBuildFile; fileRef = DFA5DDAC1890BB9A002CCF9A /* AFURLRequestSerialization.m */; };
		DFA5DDB81890BB9A002CCF9A /* AFURLResponseSerialization.m in Sources */ = {isa = PBXBuildFile; fileRef = DFA5DDAE1890BB9A002CCF9A /* AFURLResponseSerialization.m */; };
		DFA5DDB91890BB9A002CCF9A /* AFURLSessionManager.m in Sources */ = {isa = PBXBuildFile; fileRef = DFA5DDB01890BB9A002CCF9A /* AFURLSessionManager.m */; };
		DFAB55BA1893EA220031D898 /* QuartzCore.framework in Frameworks */ = {isa = PBXBuildFile; fileRef = DFAB55B91893EA220031D898 /* QuartzCore.framework */; };
		DFD93512188FC107006C3025 /* Foundation.framework in Frameworks */ = {isa = PBXBuildFile; fileRef = DFD93511188FC107006C3025 /* Foundation.framework */; };
		DFD93514188FC107006C3025 /* CoreGraphics.framework in Frameworks */ = {isa = PBXBuildFile; fileRef = DFD93513188FC107006C3025 /* CoreGraphics.framework */; };
		DFD93516188FC107006C3025 /* UIKit.framework in Frameworks */ = {isa = PBXBuildFile; fileRef = DFD93515188FC107006C3025 /* UIKit.framework */; };
		DFD9351C188FC107006C3025 /* InfoPlist.strings in Resources */ = {isa = PBXBuildFile; fileRef = DFD9351A188FC107006C3025 /* InfoPlist.strings */; };
		DFD9351E188FC107006C3025 /* main.m in Sources */ = {isa = PBXBuildFile; fileRef = DFD9351D188FC107006C3025 /* main.m */; };
		DFD93522188FC107006C3025 /* ZQAppDelegate.m in Sources */ = {isa = PBXBuildFile; fileRef = DFD93521188FC107006C3025 /* ZQAppDelegate.m */; };
		DFD93525188FC107006C3025 /* Main.storyboard in Resources */ = {isa = PBXBuildFile; fileRef = DFD93523188FC107006C3025 /* Main.storyboard */; };
		DFD9352A188FC107006C3025 /* Images.xcassets in Resources */ = {isa = PBXBuildFile; fileRef = DFD93529188FC107006C3025 /* Images.xcassets */; };
		DFD93531188FC107006C3025 /* XCTest.framework in Frameworks */ = {isa = PBXBuildFile; fileRef = DFD93530188FC107006C3025 /* XCTest.framework */; };
		DFD93532188FC107006C3025 /* Foundation.framework in Frameworks */ = {isa = PBXBuildFile; fileRef = DFD93511188FC107006C3025 /* Foundation.framework */; };
		DFD93533188FC107006C3025 /* UIKit.framework in Frameworks */ = {isa = PBXBuildFile; fileRef = DFD93515188FC107006C3025 /* UIKit.framework */; };
		DFD9353B188FC107006C3025 /* InfoPlist.strings in Resources */ = {isa = PBXBuildFile; fileRef = DFD93539188FC107006C3025 /* InfoPlist.strings */; };
		DFD9353D188FC107006C3025 /* SelfNewsPrcTests.m in Sources */ = {isa = PBXBuildFile; fileRef = DFD9353C188FC107006C3025 /* SelfNewsPrcTests.m */; };
/* End PBXBuildFile section */

/* Begin PBXContainerItemProxy section */
		DFD93534188FC107006C3025 /* PBXContainerItemProxy */ = {
			isa = PBXContainerItemProxy;
			containerPortal = DFD93506188FC107006C3025 /* Project object */;
			proxyType = 1;
			remoteGlobalIDString = DFD9350D188FC107006C3025;
			remoteInfo = SelfNewsPrc;
		};
/* End PBXContainerItemProxy section */

/* Begin PBXFileReference section */
		DF7B0024188FEBA800585D8B /* ZQDetailViewController.h */ = {isa = PBXFileReference; fileEncoding = 4; lastKnownFileType = sourcecode.c.h; path = ZQDetailViewController.h; sourceTree = "<group>"; };
		DF7B0025188FEBA800585D8B /* ZQDetailViewController.m */ = {isa = PBXFileReference; fileEncoding = 4; lastKnownFileType = sourcecode.c.objc; path = ZQDetailViewController.m; sourceTree = "<group>"; };
		DF7B002A188FFD4300585D8B /* ZQTableViewController.h */ = {isa = PBXFileReference; fileEncoding = 4; lastKnownFileType = sourcecode.c.h; path = ZQTableViewController.h; sourceTree = "<group>"; };
		DF7B002B188FFD4300585D8B /* ZQTableViewController.m */ = {isa = PBXFileReference; fileEncoding = 4; lastKnownFileType = sourcecode.c.objc; path = ZQTableViewController.m; sourceTree = "<group>"; };
		DFA499E01893EFE400776AAB /* Toast+UIView.h */ = {isa = PBXFileReference; fileEncoding = 4; lastKnownFileType = sourcecode.c.h; path = "Toast+UIView.h"; sourceTree = "<group>"; };
		DFA499E11893EFE400776AAB /* Toast+UIView.m */ = {isa = PBXFileReference; fileEncoding = 4; lastKnownFileType = sourcecode.c.objc; path = "Toast+UIView.m"; sourceTree = "<group>"; };
		DFA5DD9E1890BB9A002CCF9A /* AFHTTPRequestOperation.h */ = {isa = PBXFileReference; fileEncoding = 4; lastKnownFileType = sourcecode.c.h; path = AFHTTPRequestOperation.h; sourceTree = "<group>"; };
		DFA5DD9F1890BB9A002CCF9A /* AFHTTPRequestOperation.m */ = {isa = PBXFileReference; fileEncoding = 4; lastKnownFileType = sourcecode.c.objc; path = AFHTTPRequestOperation.m; sourceTree = "<group>"; };
		DFA5DDA01890BB9A002CCF9A /* AFHTTPRequestOperationManager.h */ = {isa = PBXFileReference; fileEncoding = 4; lastKnownFileType = sourcecode.c.h; path = AFHTTPRequestOperationManager.h; sourceTree = "<group>"; };
		DFA5DDA11890BB9A002CCF9A /* AFHTTPRequestOperationManager.m */ = {isa = PBXFileReference; fileEncoding = 4; lastKnownFileType = sourcecode.c.objc; path = AFHTTPRequestOperationManager.m; sourceTree = "<group>"; };
		DFA5DDA21890BB9A002CCF9A /* AFHTTPSessionManager.h */ = {isa = PBXFileReference; fileEncoding = 4; lastKnownFileType = sourcecode.c.h; path = AFHTTPSessionManager.h; sourceTree = "<group>"; };
		DFA5DDA31890BB9A002CCF9A /* AFHTTPSessionManager.m */ = {isa = PBXFileReference; fileEncoding = 4; lastKnownFileType = sourcecode.c.objc; path = AFHTTPSessionManager.m; sourceTree = "<group>"; };
		DFA5DDA41890BB9A002CCF9A /* AFNetworking.h */ = {isa = PBXFileReference; fileEncoding = 4; lastKnownFileType = sourcecode.c.h; path = AFNetworking.h; sourceTree = "<group>"; };
		DFA5DDA51890BB9A002CCF9A /* AFNetworkReachabilityManager.h */ = {isa = PBXFileReference; fileEncoding = 4; lastKnownFileType = sourcecode.c.h; path = AFNetworkReachabilityManager.h; sourceTree = "<group>"; };
		DFA5DDA61890BB9A002CCF9A /* AFNetworkReachabilityManager.m */ = {isa = PBXFileReference; fileEncoding = 4; lastKnownFileType = sourcecode.c.objc; path = AFNetworkReachabilityManager.m; sourceTree = "<group>"; };
		DFA5DDA71890BB9A002CCF9A /* AFSecurityPolicy.h */ = {isa = PBXFileReference; fileEncoding = 4; lastKnownFileType = sourcecode.c.h; path = AFSecurityPolicy.h; sourceTree = "<group>"; };
		DFA5DDA81890BB9A002CCF9A /* AFSecurityPolicy.m */ = {isa = PBXFileReference; fileEncoding = 4; lastKnownFileType = sourcecode.c.objc; path = AFSecurityPolicy.m; sourceTree = "<group>"; };
		DFA5DDA91890BB9A002CCF9A /* AFURLConnectionOperation.h */ = {isa = PBXFileReference; fileEncoding = 4; lastKnownFileType = sourcecode.c.h; path = AFURLConnectionOperation.h; sourceTree = "<group>"; };
		DFA5DDAA1890BB9A002CCF9A /* AFURLConnectionOperation.m */ = {isa = PBXFileReference; fileEncoding = 4; lastKnownFileType = sourcecode.c.objc; path = AFURLConnectionOperation.m; sourceTree = "<group>"; };
		DFA5DDAB1890BB9A002CCF9A /* AFURLRequestSerialization.h */ = {isa = PBXFileReference; fileEncoding = 4; lastKnownFileType = sourcecode.c.h; path = AFURLRequestSerialization.h; sourceTree = "<group>"; };
		DFA5DDAC1890BB9A002CCF9A /* AFURLRequestSerialization.m */ = {isa = PBXFileReference; fileEncoding = 4; lastKnownFileType = sourcecode.c.objc; path = AFURLRequestSerialization.m; sourceTree = "<group>"; };
		DFA5DDAD1890BB9A002CCF9A /* AFURLResponseSerialization.h */ = {isa = PBXFileReference; fileEncoding = 4; lastKnownFileType = sourcecode.c.h; path = AFURLResponseSerialization.h; sourceTree = "<group>"; };
		DFA5DDAE1890BB9A002CCF9A /* AFURLResponseSerialization.m */ = {isa = PBXFileReference; fileEncoding = 4; lastKnownFileType = sourcecode.c.objc; path = AFURLResponseSerialization.m; sourceTree = "<group>"; };
		DFA5DDAF1890BB9A002CCF9A /* AFURLSessionManager.h */ = {isa = PBXFileReference; fileEncoding = 4; lastKnownFileType = sourcecode.c.h; path = AFURLSessionManager.h; sourceTree = "<group>"; };
		DFA5DDB01890BB9A002CCF9A /* AFURLSessionManager.m */ = {isa = PBXFileReference; fileEncoding = 4; lastKnownFileType = sourcecode.c.objc; path = AFURLSessionManager.m; sourceTree = "<group>"; };
		DFAB55B91893EA220031D898 /* QuartzCore.framework */ = {isa = PBXFileReference; lastKnownFileType = wrapper.framework; name = QuartzCore.framework; path = System/Library/Frameworks/QuartzCore.framework; sourceTree = SDKROOT; };
		DFD9350E188FC107006C3025 /* SelfNewsPrc.app */ = {isa = PBXFileReference; explicitFileType = wrapper.application; includeInIndex = 0; path = SelfNewsPrc.app; sourceTree = BUILT_PRODUCTS_DIR; };
		DFD93511188FC107006C3025 /* Foundation.framework */ = {isa = PBXFileReference; lastKnownFileType = wrapper.framework; name = Foundation.framework; path = System/Library/Frameworks/Foundation.framework; sourceTree = SDKROOT; };
		DFD93513188FC107006C3025 /* CoreGraphics.framework */ = {isa = PBXFileReference; lastKnownFileType = wrapper.framework; name = CoreGraphics.framework; path = System/Library/Frameworks/CoreGraphics.framework; sourceTree = SDKROOT; };
		DFD93515188FC107006C3025 /* UIKit.framework */ = {isa = PBXFileReference; lastKnownFileType = wrapper.framework; name = UIKit.framework; path = System/Library/Frameworks/UIKit.framework; sourceTree = SDKROOT; };
		DFD93519188FC107006C3025 /* SelfNewsPrc-Info.plist */ = {isa = PBXFileReference; lastKnownFileType = text.plist.xml; path = "SelfNewsPrc-Info.plist"; sourceTree = "<group>"; };
		DFD9351B188FC107006C3025 /* en */ = {isa = PBXFileReference; lastKnownFileType = text.plist.strings; name = en; path = en.lproj/InfoPlist.strings; sourceTree = "<group>"; };
		DFD9351D188FC107006C3025 /* main.m */ = {isa = PBXFileReference; lastKnownFileType = sourcecode.c.objc; path = main.m; sourceTree = "<group>"; };
		DFD9351F188FC107006C3025 /* SelfNewsPrc-Prefix.pch */ = {isa = PBXFileReference; lastKnownFileType = sourcecode.c.h; path = "SelfNewsPrc-Prefix.pch"; sourceTree = "<group>"; };
		DFD93520188FC107006C3025 /* ZQAppDelegate.h */ = {isa = PBXFileReference; lastKnownFileType = sourcecode.c.h; path = ZQAppDelegate.h; sourceTree = "<group>"; };
		DFD93521188FC107006C3025 /* ZQAppDelegate.m */ = {isa = PBXFileReference; lastKnownFileType = sourcecode.c.objc; path = ZQAppDelegate.m; sourceTree = "<group>"; };
		DFD93524188FC107006C3025 /* Base */ = {isa = PBXFileReference; lastKnownFileType = file.storyboard; name = Base; path = Base.lproj/Main.storyboard; sourceTree = "<group>"; };
		DFD93529188FC107006C3025 /* Images.xcassets */ = {isa = PBXFileReference; lastKnownFileType = folder.assetcatalog; path = Images.xcassets; sourceTree = "<group>"; };
		DFD9352F188FC107006C3025 /* SelfNewsPrcTests.xctest */ = {isa = PBXFileReference; explicitFileType = wrapper.cfbundle; includeInIndex = 0; path = SelfNewsPrcTests.xctest; sourceTree = BUILT_PRODUCTS_DIR; };
		DFD93530188FC107006C3025 /* XCTest.framework */ = {isa = PBXFileReference; lastKnownFileType = wrapper.framework; name = XCTest.framework; path = Library/Frameworks/XCTest.framework; sourceTree = DEVELOPER_DIR; };
		DFD93538188FC107006C3025 /* SelfNewsPrcTests-Info.plist */ = {isa = PBXFileReference; lastKnownFileType = text.plist.xml; path = "SelfNewsPrcTests-Info.plist"; sourceTree = "<group>"; };
		DFD9353A188FC107006C3025 /* en */ = {isa = PBXFileReference; lastKnownFileType = text.plist.strings; name = en; path = en.lproj/InfoPlist.strings; sourceTree = "<group>"; };
		DFD9353C188FC107006C3025 /* SelfNewsPrcTests.m */ = {isa = PBXFileReference; lastKnownFileType = sourcecode.c.objc; path = SelfNewsPrcTests.m; sourceTree = "<group>"; };
/* End PBXFileReference section */

/* Begin PBXFrameworksBuildPhase section */
		DFD9350B188FC107006C3025 /* Frameworks */ = {
			isa = PBXFrameworksBuildPhase;
			buildActionMask = 2147483647;
			files = (
				DFAB55BA1893EA220031D898 /* QuartzCore.framework in Frameworks */,
				DFD93514188FC107006C3025 /* CoreGraphics.framework in Frameworks */,
				DFD93516188FC107006C3025 /* UIKit.framework in Frameworks */,
				DFD93512188FC107006C3025 /* Foundation.framework in Frameworks */,
			);
			runOnlyForDeploymentPostprocessing = 0;
		};
		DFD9352C188FC107006C3025 /* Frameworks */ = {
			isa = PBXFrameworksBuildPhase;
			buildActionMask = 2147483647;
			files = (
				DFD93531188FC107006C3025 /* XCTest.framework in Frameworks */,
				DFD93533188FC107006C3025 /* UIKit.framework in Frameworks */,
				DFD93532188FC107006C3025 /* Foundation.framework in Frameworks */,
			);
			runOnlyForDeploymentPostprocessing = 0;
		};
/* End PBXFrameworksBuildPhase section */

/* Begin PBXGroup section */
		DF2CD7701894F5CC003E3F67 /* iPad */ = {
			isa = PBXGroup;
			children = (
			);
			name = iPad;
			sourceTree = "<group>";
		};
		DF86A05E18928D7F00F3BE81 /* Kits */ = {
			isa = PBXGroup;
			children = (
				DFA499E01893EFE400776AAB /* Toast+UIView.h */,
				DFA499E11893EFE400776AAB /* Toast+UIView.m */,
				DFA5DD9E1890BB9A002CCF9A /* AFHTTPRequestOperation.h */,
				DFA5DD9F1890BB9A002CCF9A /* AFHTTPRequestOperation.m */,
				DFA5DDA01890BB9A002CCF9A /* AFHTTPRequestOperationManager.h */,
				DFA5DDA11890BB9A002CCF9A /* AFHTTPRequestOperationManager.m */,
				DFA5DDA21890BB9A002CCF9A /* AFHTTPSessionManager.h */,
				DFA5DDA31890BB9A002CCF9A /* AFHTTPSessionManager.m */,
				DFA5DDA41890BB9A002CCF9A /* AFNetworking.h */,
				DFA5DDA51890BB9A002CCF9A /* AFNetworkReachabilityManager.h */,
				DFA5DDA61890BB9A002CCF9A /* AFNetworkReachabilityManager.m */,
				DFA5DDA71890BB9A002CCF9A /* AFSecurityPolicy.h */,
				DFA5DDA81890BB9A002CCF9A /* AFSecurityPolicy.m */,
				DFA5DDA91890BB9A002CCF9A /* AFURLConnectionOperation.h */,
				DFA5DDAA1890BB9A002CCF9A /* AFURLConnectionOperation.m */,
				DFA5DDAB1890BB9A002CCF9A /* AFURLRequestSerialization.h */,
				DFA5DDAC1890BB9A002CCF9A /* AFURLRequestSerialization.m */,
				DFA5DDAD1890BB9A002CCF9A /* AFURLResponseSerialization.h */,
				DFA5DDAE1890BB9A002CCF9A /* AFURLResponseSerialization.m */,
				DFA5DDAF1890BB9A002CCF9A /* AFURLSessionManager.h */,
				DFA5DDB01890BB9A002CCF9A /* AFURLSessionManager.m */,
			);
			name = Kits;
			sourceTree = "<group>";
		};
		DFD93505188FC107006C3025 = {
			isa = PBXGroup;
			children = (
				DFD93517188FC107006C3025 /* SelfNewsPrc */,
				DFD93536188FC107006C3025 /* SelfNewsPrcTests */,
				DFD93510188FC107006C3025 /* Frameworks */,
				DFD9350F188FC107006C3025 /* Products */,
			);
			sourceTree = "<group>";
		};
		DFD9350F188FC107006C3025 /* Products */ = {
			isa = PBXGroup;
			children = (
				DFD9350E188FC107006C3025 /* SelfNewsPrc.app */,
				DFD9352F188FC107006C3025 /* SelfNewsPrcTests.xctest */,
			);
			name = Products;
			sourceTree = "<group>";
		};
		DFD93510188FC107006C3025 /* Frameworks */ = {
			isa = PBXGroup;
			children = (
				DFAB55B91893EA220031D898 /* QuartzCore.framework */,
				DFD93511188FC107006C3025 /* Foundation.framework */,
				DFD93513188FC107006C3025 /* CoreGraphics.framework */,
				DFD93515188FC107006C3025 /* UIKit.framework */,
				DFD93530188FC107006C3025 /* XCTest.framework */,
			);
			name = Frameworks;
			sourceTree = "<group>";
		};
		DFD93517188FC107006C3025 /* SelfNewsPrc */ = {
			isa = PBXGroup;
			children = (
				DF2CD7701894F5CC003E3F67 /* iPad */,
				DFD93520188FC107006C3025 /* ZQAppDelegate.h */,
				DFD93521188FC107006C3025 /* ZQAppDelegate.m */,
				DFD93523188FC107006C3025 /* Main.storyboard */,
				DF7B002A188FFD4300585D8B /* ZQTableViewController.h */,
				DF7B002B188FFD4300585D8B /* ZQTableViewController.m */,
				DF7B0024188FEBA800585D8B /* ZQDetailViewController.h */,
				DF7B0025188FEBA800585D8B /* ZQDetailViewController.m */,
				DF86A05E18928D7F00F3BE81 /* Kits */,
				DFD93529188FC107006C3025 /* Images.xcassets */,
				DFD93518188FC107006C3025 /* Supporting Files */,
			);
			path = SelfNewsPrc;
			sourceTree = "<group>";
		};
		DFD93518188FC107006C3025 /* Supporting Files */ = {
			isa = PBXGroup;
			children = (
				DFD93519188FC107006C3025 /* SelfNewsPrc-Info.plist */,
				DFD9351A188FC107006C3025 /* InfoPlist.strings */,
				DFD9351D188FC107006C3025 /* main.m */,
				DFD9351F188FC107006C3025 /* SelfNewsPrc-Prefix.pch */,
			);
			name = "Supporting Files";
			sourceTree = "<group>";
		};
		DFD93536188FC107006C3025 /* SelfNewsPrcTests */ = {
			isa = PBXGroup;
			children = (
				DFD9353C188FC107006C3025 /* SelfNewsPrcTests.m */,
				DFD93537188FC107006C3025 /* Supporting Files */,
			);
			path = SelfNewsPrcTests;
			sourceTree = "<group>";
		};
		DFD93537188FC107006C3025 /* Supporting Files */ = {
			isa = PBXGroup;
			children = (
				DFD93538188FC107006C3025 /* SelfNewsPrcTests-Info.plist */,
				DFD93539188FC107006C3025 /* InfoPlist.strings */,
			);
			name = "Supporting Files";
			sourceTree = "<group>";
		};
/* End PBXGroup section */

/* Begin PBXNativeTarget section */
		DFD9350D188FC107006C3025 /* SelfNewsPrc */ = {
			isa = PBXNativeTarget;
			buildConfigurationList = DFD93540188FC107006C3025 /* Build configuration list for PBXNativeTarget "SelfNewsPrc" */;
			buildPhases = (
				DFD9350A188FC107006C3025 /* Sources */,
				DFD9350B188FC107006C3025 /* Frameworks */,
				DFD9350C188FC107006C3025 /* Resources */,
			);
			buildRules = (
			);
			dependencies = (
			);
			name = SelfNewsPrc;
			productName = SelfNewsPrc;
			productReference = DFD9350E188FC107006C3025 /* SelfNewsPrc.app */;
			productType = "com.apple.product-type.application";
		};
		DFD9352E188FC107006C3025 /* SelfNewsPrcTests */ = {
			isa = PBXNativeTarget;
			buildConfigurationList = DFD93543188FC107006C3025 /* Build configuration list for PBXNativeTarget "SelfNewsPrcTests" */;
			buildPhases = (
				DFD9352B188FC107006C3025 /* Sources */,
				DFD9352C188FC107006C3025 /* Frameworks */,
				DFD9352D188FC107006C3025 /* Resources */,
			);
			buildRules = (
			);
			dependencies = (
				DFD93535188FC107006C3025 /* PBXTargetDependency */,
			);
			name = SelfNewsPrcTests;
			productName = SelfNewsPrcTests;
			productReference = DFD9352F188FC107006C3025 /* SelfNewsPrcTests.xctest */;
			productType = "com.apple.product-type.bundle.unit-test";
		};
/* End PBXNativeTarget section */

/* Begin PBXProject section */
		DFD93506188FC107006C3025 /* Project object */ = {
			isa = PBXProject;
			attributes = {
				CLASSPREFIX = ZQ;
				LastUpgradeCheck = 0500;
				ORGANIZATIONNAME = "孙培峰";
				TargetAttributes = {
					DFD9352E188FC107006C3025 = {
						TestTargetID = DFD9350D188FC107006C3025;
					};
				};
			};
			buildConfigurationList = DFD93509188FC107006C3025 /* Build configuration list for PBXProject "SelfNewsPrc" */;
			compatibilityVersion = "Xcode 3.2";
			developmentRegion = English;
			hasScannedForEncodings = 0;
			knownRegions = (
				en,
				Base,
			);
			mainGroup = DFD93505188FC107006C3025;
			productRefGroup = DFD9350F188FC107006C3025 /* Products */;
			projectDirPath = "";
			projectRoot = "";
			targets = (
				DFD9350D188FC107006C3025 /* SelfNewsPrc */,
				DFD9352E188FC107006C3025 /* SelfNewsPrcTests */,
			);
		};
/* End PBXProject section */

/* Begin PBXResourcesBuildPhase section */
		DFD9350C188FC107006C3025 /* Resources */ = {
			isa = PBXResourcesBuildPhase;
			buildActionMask = 2147483647;
			files = (
				DFD9352A188FC107006C3025 /* Images.xcassets in Resources */,
				DFD9351C188FC107006C3025 /* InfoPlist.strings in Resources */,
				DFD93525188FC107006C3025 /* Main.storyboard in Resources */,
			);
			runOnlyForDeploymentPostprocessing = 0;
		};
		DFD9352D188FC107006C3025 /* Resources */ = {
			isa = PBXResourcesBuildPhase;
			buildActionMask = 2147483647;
			files = (
				DFD9353B188FC107006C3025 /* InfoPlist.strings in Resources */,
			);
			runOnlyForDeploymentPostprocessing = 0;
		};
/* End PBXResourcesBuildPhase section */

/* Begin PBXSourcesBuildPhase section */
		DFD9350A188FC107006C3025 /* Sources */ = {
			isa = PBXSourcesBuildPhase;
			buildActionMask = 2147483647;
			files = (
				DFA5DDB61890BB9A002CCF9A /* AFURLConnectionOperation.m in Sources */,
				DFA5DDB11890BB9A002CCF9A /* AFHTTPRequestOperation.m in Sources */,
				DFA5DDB41890BB9A002CCF9A /* AFNetworkReachabilityManager.m in Sources */,
				DFA5DDB91890BB9A002CCF9A /* AFURLSessionManager.m in Sources */,
				DFA5DDB71890BB9A002CCF9A /* AFURLRequestSerialization.m in Sources */,
				DF7B002C188FFD4300585D8B /* ZQTableViewController.m in Sources */,
				DFA5DDB81890BB9A002CCF9A /* AFURLResponseSerialization.m in Sources */,
				DF7B0026188FEBA800585D8B /* ZQDetailViewController.m in Sources */,
				DFD9351E188FC107006C3025 /* main.m in Sources */,
				DFA5DDB21890BB9A002CCF9A /* AFHTTPRequestOperationManager.m in Sources */,
				DFA5DDB51890BB9A002CCF9A /* AFSecurityPolicy.m in Sources */,
				DFD93522188FC107006C3025 /* ZQAppDelegate.m in Sources */,
				DFA499E21893EFE400776AAB /* Toast+UIView.m in Sources */,
				DFA5DDB31890BB9A002CCF9A /* AFHTTPSessionManager.m in Sources */,
			);
			runOnlyForDeploymentPostprocessing = 0;
		};
		DFD9352B188FC107006C3025 /* Sources */ = {
			isa = PBXSourcesBuildPhase;
			buildActionMask = 2147483647;
			files = (
				DFD9353D188FC107006C3025 /* SelfNewsPrcTests.m in Sources */,
			);
			runOnlyForDeploymentPostprocessing = 0;
		};
/* End PBXSourcesBuildPhase section */

/* Begin PBXTargetDependency section */
		DFD93535188FC107006C3025 /* PBXTargetDependency */ = {
			isa = PBXTargetDependency;
			target = DFD9350D188FC107006C3025 /* SelfNewsPrc */;
			targetProxy = DFD93534188FC107006C3025 /* PBXContainerItemProxy */;
		};
/* End PBXTargetDependency section */

/* Begin PBXVariantGroup section */
		DFD9351A188FC107006C3025 /* InfoPlist.strings */ = {
			isa = PBXVariantGroup;
			children = (
				DFD9351B188FC107006C3025 /* en */,
			);
			name = InfoPlist.strings;
			sourceTree = "<group>";
		};
		DFD93523188FC107006C3025 /* Main.storyboard */ = {
			isa = PBXVariantGroup;
			children = (
				DFD93524188FC107006C3025 /* Base */,
			);
			name = Main.storyboard;
			sourceTree = "<group>";
		};
		DFD93539188FC107006C3025 /* InfoPlist.strings */ = {
			isa = PBXVariantGroup;
			children = (
				DFD9353A188FC107006C3025 /* en */,
			);
			name = InfoPlist.strings;
			sourceTree = "<group>";
		};
/* End PBXVariantGroup section */

/* Begin XCBuildConfiguration section */
		DFD9353E188FC107006C3025 /* Debug */ = {
			isa = XCBuildConfiguration;
			buildSettings = {
				ALWAYS_SEARCH_USER_PATHS = NO;
				ARCHS = "$(ARCHS_STANDARD_INCLUDING_64_BIT)";
				CLANG_CXX_LANGUAGE_STANDARD = "gnu++0x";
				CLANG_CXX_LIBRARY = "libc++";
				CLANG_ENABLE_MODULES = YES;
				CLANG_ENABLE_OBJC_ARC = YES;
				CLANG_WARN_BOOL_CONVERSION = YES;
				CLANG_WARN_CONSTANT_CONVERSION = YES;
				CLANG_WARN_DIRECT_OBJC_ISA_USAGE = YES_ERROR;
				CLANG_WARN_EMPTY_BODY = YES;
				CLANG_WARN_ENUM_CONVERSION = YES;
				CLANG_WARN_INT_CONVERSION = YES;
				CLANG_WARN_OBJC_ROOT_CLASS = YES_ERROR;
				CLANG_WARN__DUPLICATE_METHOD_MATCH = YES;
				"CODE_SIGN_IDENTITY[sdk=iphoneos*]" = "iPhone Developer";
				COPY_PHASE_STRIP = NO;
				GCC_C_LANGUAGE_STANDARD = gnu99;
				GCC_DYNAMIC_NO_PIC = NO;
				GCC_OPTIMIZATION_LEVEL = 0;
				GCC_PREPROCESSOR_DEFINITIONS = (
					"DEBUG=1",
					"$(inherited)",
				);
				GCC_SYMBOLS_PRIVATE_EXTERN = NO;
				GCC_WARN_64_TO_32_BIT_CONVERSION = YES;
				GCC_WARN_ABOUT_RETURN_TYPE = YES_ERROR;
				GCC_WARN_UNDECLARED_SELECTOR = YES;
				GCC_WARN_UNINITIALIZED_AUTOS = YES;
				GCC_WARN_UNUSED_FUNCTION = YES;
				GCC_WARN_UNUSED_VARIABLE = YES;
				IPHONEOS_DEPLOYMENT_TARGET = 7.0;
				ONLY_ACTIVE_ARCH = YES;
				SDKROOT = iphoneos;
			};
			name = Debug;
		};
		DFD9353F188FC107006C3025 /* Release */ = {
			isa = XCBuildConfiguration;
			buildSettings = {
				ALWAYS_SEARCH_USER_PATHS = NO;
				ARCHS = "$(ARCHS_STANDARD_INCLUDING_64_BIT)";
				CLANG_CXX_LANGUAGE_STANDARD = "gnu++0x";
				CLANG_CXX_LIBRARY = "libc++";
				CLANG_ENABLE_MODULES = YES;
				CLANG_ENABLE_OBJC_ARC = YES;
				CLANG_WARN_BOOL_CONVERSION = YES;
				CLANG_WARN_CONSTANT_CONVERSION = YES;
				CLANG_WARN_DIRECT_OBJC_ISA_USAGE = YES_ERROR;
				CLANG_WARN_EMPTY_BODY = YES;
				CLANG_WARN_ENUM_CONVERSION = YES;
				CLANG_WARN_INT_CONVERSION = YES;
				CLANG_WARN_OBJC_ROOT_CLASS = YES_ERROR;
				CLANG_WARN__DUPLICATE_METHOD_MATCH = YES;
				"CODE_SIGN_IDENTITY[sdk=iphoneos*]" = "iPhone Developer";
				COPY_PHASE_STRIP = YES;
				ENABLE_NS_ASSERTIONS = NO;
				GCC_C_LANGUAGE_STANDARD = gnu99;
				GCC_WARN_64_TO_32_BIT_CONVERSION = YES;
				GCC_WARN_ABOUT_RETURN_TYPE = YES_ERROR;
				GCC_WARN_UNDECLARED_SELECTOR = YES;
				GCC_WARN_UNINITIALIZED_AUTOS = YES;
				GCC_WARN_UNUSED_FUNCTION = YES;
				GCC_WARN_UNUSED_VARIABLE = YES;
				IPHONEOS_DEPLOYMENT_TARGET = 7.0;
				SDKROOT = iphoneos;
				VALIDATE_PRODUCT = YES;
			};
			name = Release;
		};
		DFD93541188FC107006C3025 /* Debug */ = {
			isa = XCBuildConfiguration;
			buildSettings = {
				ASSETCATALOG_COMPILER_APPICON_NAME = AppIcon;
				ASSETCATALOG_COMPILER_LAUNCHIMAGE_NAME = LaunchImage;
				GCC_PRECOMPILE_PREFIX_HEADER = YES;
				GCC_PREFIX_HEADER = "SelfNewsPrc/SelfNewsPrc-Prefix.pch";
				INFOPLIST_FILE = "SelfNewsPrc/SelfNewsPrc-Info.plist";
				IPHONEOS_DEPLOYMENT_TARGET = 7.0;
				PRODUCT_NAME = "$(TARGET_NAME)";
				TARGETED_DEVICE_FAMILY = "1,2";
				WRAPPER_EXTENSION = app;
			};
			name = Debug;
		};
		DFD93542188FC107006C3025 /* Release */ = {
			isa = XCBuildConfiguration;
			buildSettings = {
				ASSETCATALOG_COMPILER_APPICON_NAME = AppIcon;
				ASSETCATALOG_COMPILER_LAUNCHIMAGE_NAME = LaunchImage;
				GCC_PRECOMPILE_PREFIX_HEADER = YES;
				GCC_PREFIX_HEADER = "SelfNewsPrc/SelfNewsPrc-Prefix.pch";
				INFOPLIST_FILE = "SelfNewsPrc/SelfNewsPrc-Info.plist";
				IPHONEOS_DEPLOYMENT_TARGET = 7.0;
				PRODUCT_NAME = "$(TARGET_NAME)";
				TARGETED_DEVICE_FAMILY = "1,2";
				WRAPPER_EXTENSION = app;
			};
			name = Release;
		};
		DFD93544188FC107006C3025 /* Debug */ = {
			isa = XCBuildConfiguration;
			buildSettings = {
				ARCHS = "$(ARCHS_STANDARD_INCLUDING_64_BIT)";
				BUNDLE_LOADER = "$(BUILT_PRODUCTS_DIR)/SelfNewsPrc.app/SelfNewsPrc";
				FRAMEWORK_SEARCH_PATHS = (
					"$(SDKROOT)/Developer/Library/Frameworks",
					"$(inherited)",
					"$(DEVELOPER_FRAMEWORKS_DIR)",
				);
				GCC_PRECOMPILE_PREFIX_HEADER = YES;
				GCC_PREFIX_HEADER = "SelfNewsPrc/SelfNewsPrc-Prefix.pch";
				GCC_PREPROCESSOR_DEFINITIONS = (
					"DEBUG=1",
					"$(inherited)",
				);
				INFOPLIST_FILE = "SelfNewsPrcTests/SelfNewsPrcTests-Info.plist";
				PRODUCT_NAME = "$(TARGET_NAME)";
				TEST_HOST = "$(BUNDLE_LOADER)";
				WRAPPER_EXTENSION = xctest;
			};
			name = Debug;
		};
		DFD93545188FC107006C3025 /* Release */ = {
			isa = XCBuildConfiguration;
			buildSettings = {
				ARCHS = "$(ARCHS_STANDARD_INCLUDING_64_BIT)";
				BUNDLE_LOADER = "$(BUILT_PRODUCTS_DIR)/SelfNewsPrc.app/SelfNewsPrc";
				FRAMEWORK_SEARCH_PATHS = (
					"$(SDKROOT)/Developer/Library/Frameworks",
					"$(inherited)",
					"$(DEVELOPER_FRAMEWORKS_DIR)",
				);
				GCC_PRECOMPILE_PREFIX_HEADER = YES;
				GCC_PREFIX_HEADER = "SelfNewsPrc/SelfNewsPrc-Prefix.pch";
				INFOPLIST_FILE = "SelfNewsPrcTests/SelfNewsPrcTests-Info.plist";
				PRODUCT_NAME = "$(TARGET_NAME)";
				TEST_HOST = "$(BUNDLE_LOADER)";
				WRAPPER_EXTENSION = xctest;
			};
			name = Release;
		};
/* End XCBuildConfiguration section */

/* Begin XCConfigurationList section */
		DFD93509188FC107006C3025 /* Build configuration list for PBXProject "SelfNewsPrc" */ = {
			isa = XCConfigurationList;
			buildConfigurations = (
				DFD9353E188FC107006C3025 /* Debug */,
				DFD9353F188FC107006C3025 /* Release */,
			);
			defaultConfigurationIsVisible = 0;
			defaultConfigurationName = Release;
		};
		DFD93540188FC107006C3025 /* Build configuration list for PBXNativeTarget "SelfNewsPrc" */ = {
			isa = XCConfigurationList;
			buildConfigurations = (
				DFD93541188FC107006C3025 /* Debug */,
				DFD93542188FC107006C3025 /* Release */,
			);
			defaultConfigurationIsVisible = 0;
			defaultConfigurationName = Release;
		};
		DFD93543188FC107006C3025 /* Build configuration list for PBXNativeTarget "SelfNewsPrcTests" */ = {
			isa = XCConfigurationList;
			buildConfigurations = (
				DFD93544188FC107006C3025 /* Debug */,
				DFD93545188FC107006C3025 /* Release */,
			);
			defaultConfigurationIsVisible = 0;
			defaultConfigurationName = Release;
		};
/* End XCConfigurationList section */
	};
	rootObject = DFD93506188FC107006C3025 /* Project object */;
}
